
Microsoft Visual Studio Solution File, Format Version 12.00
# Visual Studio Version 17
VisualStudioVersion = 17.9.34728.123
MinimumVisualStudioVersion = 10.0.40219.1
Project("{FAE04EC0-301F-11D3-BF4B-00C04F79EFBC}") = "Servicios", "Servicios\Servicios.csproj", "{1A7A0A80-CCAA-479E-BD6D-8AE73A1FF3EE}"
EndProject
Project("{FAE04EC0-301F-11D3-BF4B-00C04F79EFBC}") = "Vista", "Vista\Vista.csproj", "{75EF9DDA-DF95-4E50-AC62-ED879D21C708}"
EndProject
Project("{FAE04EC0-301F-11D3-BF4B-00C04F79EFBC}") = "Logica", "Logica\Logica.csproj", "{D2F10DC3-0C58-49D9-B809-119DFF032DB2}"
EndProject
Project("{FAE04EC0-301F-11D3-BF4B-00C04F79EFBC}") = "Datos", "Datos\Datos.csproj", "{8A231EF4-D114-4F57-8E56-DE735B129E92}"
EndProject
Project("{FAE04EC0-301F-11D3-BF4B-00C04F79EFBC}") = "Sesion", "Sesion\Sesion.csproj", "{46CF0BC2-A4C6-4FE7-A4C0-71253337DA3E}"
EndProject
Global
	GlobalSection(SolutionConfigurationPlatforms) = preSolution
		Debug|Any CPU = Debug|Any CPU
		Release|Any CPU = Release|Any CPU
	EndGlobalSection
	GlobalSection(ProjectConfigurationPlatforms) = postSolution
		{1A7A0A80-CCAA-479E-BD6D-8AE73A1FF3EE}.Debug|Any CPU.ActiveCfg = Debug|Any CPU
		{1A7A0A80-CCAA-479E-BD6D-8AE73A1FF3EE}.Debug|Any CPU.Build.0 = Debug|Any CPU
		{1A7A0A80-CCAA-479E-BD6D-8AE73A1FF3EE}.Release|Any CPU.ActiveCfg = Release|Any CPU
		{1A7A0A80-CCAA-479E-BD6D-8AE73A1FF3EE}.Release|Any CPU.Build.0 = Release|Any CPU
		{75EF9DDA-DF95-4E50-AC62-ED879D21C708}.Debug|Any CPU.ActiveCfg = Debug|Any CPU
		{75EF9DDA-DF95-4E50-AC62-ED879D21C708}.Debug|Any CPU.Build.0 = Debug|Any CPU
		{75EF9DDA-DF95-4E50-AC62-ED879D21C708}.Release|Any CPU.ActiveCfg = Release|Any CPU
		{75EF9DDA-DF95-4E50-AC62-ED879D21C708}.Release|Any CPU.Build.0 = Release|Any CPU
		{D2F10DC3-0C58-49D9-B809-119DFF032DB2}.Debug|Any CPU.ActiveCfg = Debug|Any CPU
		{D2F10DC3-0C58-49D9-B809-119DFF032DB2}.Debug|Any CPU.Build.0 = Debug|Any CPU
		{D2F10DC3-0C58-49D9-B809-119DFF032DB2}.Release|Any CPU.ActiveCfg = Release|Any CPU
		{D2F10DC3-0C58-49D9-B809-119DFF032DB2}.Release|Any CPU.Build.0 = Release|Any CPU
		{8A231EF4-D114-4F57-8E56-DE735B129E92}.Debug|Any CPU.ActiveCfg = Debug|Any CPU
		{8A231EF4-D114-4F57-8E56-DE735B129E92}.Debug|Any CPU.Build.0 = Debug|Any CPU
		{8A231EF4-D114-4F57-8E56-DE735B129E92}.Release|Any CPU.ActiveCfg = Release|Any CPU
		{8A231EF4-D114-4F57-8E56-DE735B129E92}.Release|Any CPU.Build.0 = Release|Any CPU
		{46CF0BC2-A4C6-4FE7-A4C0-71253337DA3E}.Debug|Any CPU.ActiveCfg = Debug|Any CPU
		{46CF0BC2-A4C6-4FE7-A4C0-71253337DA3E}.Debug|Any CPU.Build.0 = Debug|Any CPU
		{46CF0BC2-A4C6-4FE7-A4C0-71253337DA3E}.Release|Any CPU.ActiveCfg = Release|Any CPU
		{46CF0BC2-A4C6-4FE7-A4C0-71253337DA3E}.Release|Any CPU.Build.0 = Release|Any CPU
	EndGlobalSection
	GlobalSection(SolutionProperties) = preSolution
		HideSolutionNode = FALSE
	EndGlobalSection
	GlobalSection(ExtensibilityGlobals) = postSolution
		SolutionGuid = {78A5E128-B238-4A15-8C46-7B9EFE5CC709}
	EndGlobalSection
EndGlobal
